
Microsoft Visual Studio Solution File, Format Version 12.00
Project("{2150E333-8FDC-42A3-9474-1A3956D46DE8}") = "_lib", "_lib", "{D84B80A3-DB89-4305-8B98-2660D20EF9E7}"
EndProject
Project("{FAE04EC0-301F-11D3-BF4B-00C04F79EFBC}") = "TetraPak.Common", "..\..\APIs_to_the_world\_nuget\TetraPak.Common\TetraPak.Common\TetraPak.Common.csproj", "{8DB3F4FD-3484-45E3-A079-F4A0684FEE92}"
EndProject
Project("{FAE04EC0-301F-11D3-BF4B-00C04F79EFBC}") = "DCAF.Squawks", "code\DCAF.Squawks.csproj", "{63E15D11-E794-407C-836B-E5668E638616}"
EndProject
Global
	GlobalSection(SolutionConfigurationPlatforms) = preSolution
		Debug|Any CPU = Debug|Any CPU
		Release|Any CPU = Release|Any CPU
	EndGlobalSection
	GlobalSection(ProjectConfigurationPlatforms) = postSolution
		{8DB3F4FD-3484-45E3-A079-F4A0684FEE92}.Debug|Any CPU.ActiveCfg = Debug|Any CPU
		{8DB3F4FD-3484-45E3-A079-F4A0684FEE92}.Debug|Any CPU.Build.0 = Debug|Any CPU
		{8DB3F4FD-3484-45E3-A079-F4A0684FEE92}.Release|Any CPU.ActiveCfg = Release|Any CPU
		{8DB3F4FD-3484-45E3-A079-F4A0684FEE92}.Release|Any CPU.Build.0 = Release|Any CPU
		{63E15D11-E794-407C-836B-E5668E638616}.Debug|Any CPU.ActiveCfg = Debug|Any CPU
		{63E15D11-E794-407C-836B-E5668E638616}.Debug|Any CPU.Build.0 = Debug|Any CPU
		{63E15D11-E794-407C-836B-E5668E638616}.Release|Any CPU.ActiveCfg = Release|Any CPU
		{63E15D11-E794-407C-836B-E5668E638616}.Release|Any CPU.Build.0 = Release|Any CPU
	EndGlobalSection
	GlobalSection(NestedProjects) = preSolution
		{8DB3F4FD-3484-45E3-A079-F4A0684FEE92} = {D84B80A3-DB89-4305-8B98-2660D20EF9E7}
	EndGlobalSection
EndGlobal
